
Microsoft Visual Studio Solution File, Format Version 12.00
# Visual Studio Version 17
VisualStudioVersion = 17.7.34202.233
MinimumVisualStudioVersion = 10.0.40219.1
Project("{FAE04EC0-301F-11D3-BF4B-00C04F79EFBC}") = "GenericCollections", "GenericCollections\GenericCollections.csproj", "{62CD7288-87BC-4E8E-96BB-4665A9E033D6}"
	ProjectSection(ProjectDependencies) = postProject
		{B7FFFA3F-CCCF-4008-8906-1489A38CD5B3} = {B7FFFA3F-CCCF-4008-8906-1489A38CD5B3}
	EndProjectSection
EndProject
Project("{FAE04EC0-301F-11D3-BF4B-00C04F79EFBC}") = "ProductsLib", "ProductsLib\ProductsLib.csproj", "{B7FFFA3F-CCCF-4008-8906-1489A38CD5B3}"
EndProject
Global
	GlobalSection(SolutionConfigurationPlatforms) = preSolution
		Debug|Any CPU = Debug|Any CPU
		Release|Any CPU = Release|Any CPU
	EndGlobalSection
	GlobalSection(ProjectConfigurationPlatforms) = postSolution
		{62CD7288-87BC-4E8E-96BB-4665A9E033D6}.Debug|Any CPU.ActiveCfg = Debug|Any CPU
		{62CD7288-87BC-4E8E-96BB-4665A9E033D6}.Debug|Any CPU.Build.0 = Debug|Any CPU
		{62CD7288-87BC-4E8E-96BB-4665A9E033D6}.Release|Any CPU.ActiveCfg = Release|Any CPU
		{62CD7288-87BC-4E8E-96BB-4665A9E033D6}.Release|Any CPU.Build.0 = Release|Any CPU
		{B7FFFA3F-CCCF-4008-8906-1489A38CD5B3}.Debug|Any CPU.ActiveCfg = Debug|Any CPU
		{B7FFFA3F-CCCF-4008-8906-1489A38CD5B3}.Debug|Any CPU.Build.0 = Debug|Any CPU
		{B7FFFA3F-CCCF-4008-8906-1489A38CD5B3}.Release|Any CPU.ActiveCfg = Release|Any CPU
		{B7FFFA3F-CCCF-4008-8906-1489A38CD5B3}.Release|Any CPU.Build.0 = Release|Any CPU
	EndGlobalSection
	GlobalSection(SolutionProperties) = preSolution
		HideSolutionNode = FALSE
	EndGlobalSection
	GlobalSection(ExtensibilityGlobals) = postSolution
		SolutionGuid = {CFD0AD08-497D-4BC5-A67E-2B00162EB2ED}
	EndGlobalSection
EndGlobal
